
Microsoft Visual Studio Solution File, Format Version 12.00
# Visual Studio 14
VisualStudioVersion = 14.0.22823.1
MinimumVisualStudioVersion = 10.0.40219.1
Project("{FAE04EC0-301F-11D3-BF4B-00C04F79EFBC}") = "PROSforWindows", "PROSforWindows\PROSforWindows.csproj", "{014F533B-DD04-4D18-A7FB-31DF735D2266}"
EndProject
Project("{FAE04EC0-301F-11D3-BF4B-00C04F79EFBC}") = "MahApps.Metro.NET45", "MahApps.Metro\MahApps.Metro\MahApps.Metro.NET45.csproj", "{942D11C4-29F5-46C4-8C14-4B976D56C637}"
EndProject
Project("{2150E333-8FDC-42A3-9474-1A3956D46DE8}") = "misc", "misc", "{9A3E1BBA-DF5A-4BCE-AF89-47051BE8367A}"
	ProjectSection(SolutionItems) = preProject
		externalSource.json = externalSource.json
		PROSforWindows\Resources\pros.json = PROSforWindows\Resources\pros.json
	EndProjectSection
EndProject
Global
	GlobalSection(SolutionConfigurationPlatforms) = preSolution
		Debug|Any CPU = Debug|Any CPU
		Release|Any CPU = Release|Any CPU
	EndGlobalSection
	GlobalSection(ProjectConfigurationPlatforms) = postSolution
		{014F533B-DD04-4D18-A7FB-31DF735D2266}.Debug|Any CPU.ActiveCfg = Debug|Any CPU
		{014F533B-DD04-4D18-A7FB-31DF735D2266}.Debug|Any CPU.Build.0 = Debug|Any CPU
		{014F533B-DD04-4D18-A7FB-31DF735D2266}.Release|Any CPU.ActiveCfg = Release|Any CPU
		{014F533B-DD04-4D18-A7FB-31DF735D2266}.Release|Any CPU.Build.0 = Release|Any CPU
		{942D11C4-29F5-46C4-8C14-4B976D56C637}.Debug|Any CPU.ActiveCfg = Debug|Any CPU
		{942D11C4-29F5-46C4-8C14-4B976D56C637}.Debug|Any CPU.Build.0 = Debug|Any CPU
		{942D11C4-29F5-46C4-8C14-4B976D56C637}.Release|Any CPU.ActiveCfg = Release|Any CPU
		{942D11C4-29F5-46C4-8C14-4B976D56C637}.Release|Any CPU.Build.0 = Release|Any CPU
	EndGlobalSection
	GlobalSection(SolutionProperties) = preSolution
		HideSolutionNode = FALSE
	EndGlobalSection
EndGlobal
