
Microsoft Visual Studio Solution File, Format Version 12.00
# Visual Studio 14
VisualStudioVersion = 14.0.22823.1
MinimumVisualStudioVersion = 10.0.40219.1
Project("{FAE04EC0-301F-11D3-BF4B-00C04F79EFBC}") = "PROSforWindows", "PROSforWindows\PROSforWindows.csproj", "{E9D68D0D-0364-4FC1-A8F4-F76B6BEF02CF}"
EndProject
Global
	GlobalSection(SolutionConfigurationPlatforms) = preSolution
		Debug|Any CPU = Debug|Any CPU
		Release|Any CPU = Release|Any CPU
	EndGlobalSection
	GlobalSection(ProjectConfigurationPlatforms) = postSolution
		{E9D68D0D-0364-4FC1-A8F4-F76B6BEF02CF}.Debug|Any CPU.ActiveCfg = Debug|Any CPU
		{E9D68D0D-0364-4FC1-A8F4-F76B6BEF02CF}.Debug|Any CPU.Build.0 = Debug|Any CPU
		{E9D68D0D-0364-4FC1-A8F4-F76B6BEF02CF}.Release|Any CPU.ActiveCfg = Release|Any CPU
		{E9D68D0D-0364-4FC1-A8F4-F76B6BEF02CF}.Release|Any CPU.Build.0 = Release|Any CPU
	EndGlobalSection
	GlobalSection(SolutionProperties) = preSolution
		HideSolutionNode = FALSE
	EndGlobalSection
EndGlobal
